Microsoft Visual Studio Solution File, Format Version 12.00
# Visual Studio Version 17
VisualStudioVersion = 17.5.2.0
MinimumVisualStudioVersion = 10.0.40219.1
Project("{FAE04EC0-301F-11D3-BF4B-00C04F79EFBC}") = "TailwindAzureApp", "TailwindAzureApp.csproj", "{6F4B925B-C792-F050-8549-7EA7A376423E}"
EndProject
Global
	GlobalSection(SolutionConfigurationPlatforms) = preSolution
		Debug|Any CPU = Debug|Any CPU
		Release|Any CPU = Release|Any CPU
	EndGlobalSection
	GlobalSection(ProjectConfigurationPlatforms) = postSolution
		{6F4B925B-C792-F050-8549-7EA7A376423E}.Debug|Any CPU.ActiveCfg = Debug|Any CPU
		{6F4B925B-C792-F050-8549-7EA7A376423E}.Debug|Any CPU.Build.0 = Debug|Any CPU
		{6F4B925B-C792-F050-8549-7EA7A376423E}.Release|Any CPU.ActiveCfg = Release|Any CPU
		{6F4B925B-C792-F050-8549-7EA7A376423E}.Release|Any CPU.Build.0 = Release|Any CPU
	EndGlobalSection
	GlobalSection(SolutionProperties) = preSolution
		HideSolutionNode = FALSE
	EndGlobalSection
	GlobalSection(ExtensibilityGlobals) = postSolution
		SolutionGuid = {0CFB6499-C44B-4BF0-BD2F-FA1E733B32E2}
	EndGlobalSection
EndGlobal
